
Microsoft Visual Studio Solution File, Format Version 12.00
# Visual Studio Version 17
VisualStudioVersion = 17.3.32929.385
MinimumVisualStudioVersion = 10.0.40219.1
Project("{FAE04EC0-301F-11D3-BF4B-00C04F79EFBC}") = "HotelListingApi", "HotelListingApi\HotelListingApi.csproj", "{60DA20EE-9ADF-4DDB-BD3B-AE4A9348B35C}"
EndProject
Project("{FAE04EC0-301F-11D3-BF4B-00C04F79EFBC}") = "HotelListingMinimalAPi", "HotelListingMinimalAPi\HotelListingMinimalAPi.csproj", "{62CE4114-1A4B-4C59-B0C0-C78BF4D5C473}"
EndProject
Global
	GlobalSection(SolutionConfigurationPlatforms) = preSolution
		Debug|Any CPU = Debug|Any CPU
		Release|Any CPU = Release|Any CPU
	EndGlobalSection
	GlobalSection(ProjectConfigurationPlatforms) = postSolution
		{60DA20EE-9ADF-4DDB-BD3B-AE4A9348B35C}.Debug|Any CPU.ActiveCfg = Debug|Any CPU
		{60DA20EE-9ADF-4DDB-BD3B-AE4A9348B35C}.Debug|Any CPU.Build.0 = Debug|Any CPU
		{60DA20EE-9ADF-4DDB-BD3B-AE4A9348B35C}.Release|Any CPU.ActiveCfg = Release|Any CPU
		{60DA20EE-9ADF-4DDB-BD3B-AE4A9348B35C}.Release|Any CPU.Build.0 = Release|Any CPU
		{62CE4114-1A4B-4C59-B0C0-C78BF4D5C473}.Debug|Any CPU.ActiveCfg = Debug|Any CPU
		{62CE4114-1A4B-4C59-B0C0-C78BF4D5C473}.Debug|Any CPU.Build.0 = Debug|Any CPU
		{62CE4114-1A4B-4C59-B0C0-C78BF4D5C473}.Release|Any CPU.ActiveCfg = Release|Any CPU
		{62CE4114-1A4B-4C59-B0C0-C78BF4D5C473}.Release|Any CPU.Build.0 = Release|Any CPU
	EndGlobalSection
	GlobalSection(SolutionProperties) = preSolution
		HideSolutionNode = FALSE
	EndGlobalSection
	GlobalSection(ExtensibilityGlobals) = postSolution
		SolutionGuid = {E7ADAFF4-7A2B-4522-9865-7B9BF7452D6E}
	EndGlobalSection
EndGlobal
